// !$*UTF8*$!
{
	archiveVersion = 1;
	classes = {
	};
	objectVersion = 46;
	objects = {

/* Begin PBXBuildFile section */
		365882861BDC07D70022A9F4 /* AppDelegate.swift in Sources */ = {isa = PBXBuildFile; fileRef = 365882851BDC07D70022A9F4 /* AppDelegate.swift */; };
		365882881BDC07D70022A9F4 /* ViewController.swift in Sources */ = {isa = PBXBuildFile; fileRef = 365882871BDC07D70022A9F4 /* ViewController.swift */; };
		3658828B1BDC07D70022A9F4 /* Main.storyboard in Resources */ = {isa = PBXBuildFile; fileRef = 365882891BDC07D70022A9F4 /* Main.storyboard */; };
		3658828D1BDC07D70022A9F4 /* Assets.xcassets in Resources */ = {isa = PBXBuildFile; fileRef = 3658828C1BDC07D70022A9F4 /* Assets.xcassets */; };
		365882901BDC07D70022A9F4 /* LaunchScreen.storyboard in Resources */ = {isa = PBXBuildFile; fileRef = 3658828E1BDC07D70022A9F4 /* LaunchScreen.storyboard */; };
		3658829B1BDC07D70022A9F4 /* InstagramTests.swift in Sources */ = {isa = PBXBuildFile; fileRef = 3658829A1BDC07D70022A9F4 /* InstagramTests.swift */; };
		365882A61BDC07D70022A9F4 /* InstagramUITests.swift in Sources */ = {isa = PBXBuildFile; fileRef = 365882A51BDC07D70022A9F4 /* InstagramUITests.swift */; };
/* End PBXBuildFile section */

/* Begin PBXContainerItemProxy section */
		365882971BDC07D70022A9F4 /* PBXContainerItemProxy */ = {
			isa = PBXContainerItemProxy;
			containerPortal = 3658827A1BDC07D70022A9F4 /* Project object */;
			proxyType = 1;
			remoteGlobalIDString = 365882811BDC07D70022A9F4;
			remoteInfo = Instagram;
		};
		365882A21BDC07D70022A9F4 /* PBXContainerItemProxy */ = {
			isa = PBXContainerItemProxy;
			containerPortal = 3658827A1BDC07D70022A9F4 /* Project object */;
			proxyType = 1;
			remoteGlobalIDString = 365882811BDC07D70022A9F4;
			remoteInfo = Instagram;
		};
		365882BD1BDC080A0022A9F4 /* PBXContainerItemProxy */ = {
			isa = PBXContainerItemProxy;
			containerPortal = 365882B91BDC080A0022A9F4 /* ParseStarterProject-Swift.xcodeproj */;
			proxyType = 2;
			remoteGlobalIDString = 81BA81451A49DA1800E65899;
			remoteInfo = "ParseStarterProject-Swift";
		};
/* End PBXContainerItemProxy section */

/* Begin PBXFileReference section */
		365882821BDC07D70022A9F4 /* Instagram.app */ = {isa = PBXFileReference; explicitFileType = wrapper.application; includeInIndex = 0; path = Instagram.app; sourceTree = BUILT_PRODUCTS_DIR; };
		365882851BDC07D70022A9F4 /* AppDelegate.swift */ = {isa = PBXFileReference; lastKnownFileType = sourcecode.swift; path = AppDelegate.swift; sourceTree = "<group>"; };
		365882871BDC07D70022A9F4 /* ViewController.swift */ = {isa = PBXFileReference; lastKnownFileType = sourcecode.swift; path = ViewController.swift; sourceTree = "<group>"; };
		3658828A1BDC07D70022A9F4 /* Base */ = {isa = PBXFileReference; lastKnownFileType = file.storyboard; name = Base; path = Base.lproj/Main.storyboard; sourceTree = "<group>"; };
		3658828C1BDC07D70022A9F4 /* Assets.xcassets */ = {isa = PBXFileReference; lastKnownFileType = folder.assetcatalog; path = Assets.xcassets; sourceTree = "<group>"; };
		3658828F1BDC07D70022A9F4 /* Base */ = {isa = PBXFileReference; lastKnownFileType = file.storyboard; name = Base; path = Base.lproj/LaunchScreen.storyboard; sourceTree = "<group>"; };
		365882911BDC07D70022A9F4 /* Info.plist */ = {isa = PBXFileReference; lastKnownFileType = text.plist.xml; path = Info.plist; sourceTree = "<group>"; };
		365882961BDC07D70022A9F4 /* InstagramTests.xctest */ = {isa = PBXFileReference; explicitFileType = wrapper.cfbundle; includeInIndex = 0; path = InstagramTests.xctest; sourceTree = BUILT_PRODUCTS_DIR; };
		3658829A1BDC07D70022A9F4 /* InstagramTests.swift */ = {isa = PBXFileReference; lastKnownFileType = sourcecode.swift; path = InstagramTests.swift; sourceTree = "<group>"; };
		3658829C1BDC07D70022A9F4 /* Info.plist */ = {isa = PBXFileReference; lastKnownFileType = text.plist.xml; path = Info.plist; sourceTree = "<group>"; };
		365882A11BDC07D70022A9F4 /* InstagramUITests.xctest */ = {isa = PBXFileReference; explicitFileType = wrapper.cfbundle; includeInIndex = 0; path = InstagramUITests.xctest; sourceTree = BUILT_PRODUCTS_DIR; };
		365882A51BDC07D70022A9F4 /* InstagramUITests.swift */ = {isa = PBXFileReference; lastKnownFileType = sourcecode.swift; path = InstagramUITests.swift; sourceTree = "<group>"; };
		365882A71BDC07D70022A9F4 /* Info.plist */ = {isa = PBXFileReference; lastKnownFileType = text.plist.xml; path = Info.plist; sourceTree = "<group>"; };
		365882B91BDC080A0022A9F4 /* ParseStarterProject-Swift.xcodeproj */ = {isa = PBXFileReference; lastKnownFileType = "wrapper.pb-project"; path = "ParseStarterProject-Swift.xcodeproj"; sourceTree = "<group>"; };
/* End PBXFileReference section */

/* Begin PBXFrameworksBuildPhase section */
		3658827F1BDC07D70022A9F4 /* Frameworks */ = {
			isa = PBXFrameworksBuildPhase;
			buildActionMask = 2147483647;
			files = (
			);
			runOnlyForDeploymentPostprocessing = 0;
		};
		365882931BDC07D70022A9F4 /* Frameworks */ = {
			isa = PBXFrameworksBuildPhase;
			buildActionMask = 2147483647;
			files = (
			);
			runOnlyForDeploymentPostprocessing = 0;
		};
		3658829E1BDC07D70022A9F4 /* Frameworks */ = {
			isa = PBXFrameworksBuildPhase;
			buildActionMask = 2147483647;
			files = (
			);
			runOnlyForDeploymentPostprocessing = 0;
		};
/* End PBXFrameworksBuildPhase section */

/* Begin PBXGroup section */
		365882791BDC07D70022A9F4 = {
			isa = PBXGroup;
			children = (
				365882B91BDC080A0022A9F4 /* ParseStarterProject-Swift.xcodeproj */,
				365882841BDC07D70022A9F4 /* Instagram */,
				365882991BDC07D70022A9F4 /* InstagramTests */,
				365882A41BDC07D70022A9F4 /* InstagramUITests */,
				365882831BDC07D70022A9F4 /* Products */,
			);
			sourceTree = "<group>";
		};
		365882831BDC07D70022A9F4 /* Products */ = {
			isa = PBXGroup;
			children = (
				365882821BDC07D70022A9F4 /* Instagram.app */,
				365882961BDC07D70022A9F4 /* InstagramTests.xctest */,
				365882A11BDC07D70022A9F4 /* InstagramUITests.xctest */,
			);
			name = Products;
			sourceTree = "<group>";
		};
		365882841BDC07D70022A9F4 /* Instagram */ = {
			isa = PBXGroup;
			children = (
				365882851BDC07D70022A9F4 /* AppDelegate.swift */,
				365882871BDC07D70022A9F4 /* ViewController.swift */,
				365882891BDC07D70022A9F4 /* Main.storyboard */,
				3658828C1BDC07D70022A9F4 /* Assets.xcassets */,
				3658828E1BDC07D70022A9F4 /* LaunchScreen.storyboard */,
				365882911BDC07D70022A9F4 /* Info.plist */,
			);
			path = Instagram;
			sourceTree = "<group>";
		};
		365882991BDC07D70022A9F4 /* InstagramTests */ = {
			isa = PBXGroup;
			children = (
				3658829A1BDC07D70022A9F4 /* InstagramTests.swift */,
				3658829C1BDC07D70022A9F4 /* Info.plist */,
			);
			path = InstagramTests;
			sourceTree = "<group>";
		};
		365882A41BDC07D70022A9F4 /* InstagramUITests */ = {
			isa = PBXGroup;
			children = (
				365882A51BDC07D70022A9F4 /* InstagramUITests.swift */,
				365882A71BDC07D70022A9F4 /* Info.plist */,
			);
			path = InstagramUITests;
			sourceTree = "<group>";
		};
		365882BA1BDC080A0022A9F4 /* Products */ = {
			isa = PBXGroup;
			children = (
				365882BE1BDC080A0022A9F4 /* Instaclone.app */,
			);
			name = Products;
			sourceTree = "<group>";
		};
/* End PBXGroup section */

/* Begin PBXNativeTarget section */
		365882811BDC07D70022A9F4 /* Instagram */ = {
			isa = PBXNativeTarget;
			buildConfigurationList = 365882AA1BDC07D70022A9F4 /* Build configuration list for PBXNativeTarget "Instagram" */;
			buildPhases = (
				3658827E1BDC07D70022A9F4 /* Sources */,
				3658827F1BDC07D70022A9F4 /* Frameworks */,
				365882801BDC07D70022A9F4 /* Resources */,
			);
			buildRules = (
			);
			dependencies = (
			);
			name = Instagram;
			productName = Instagram;
			productReference = 365882821BDC07D70022A9F4 /* Instagram.app */;
			productType = "com.apple.product-type.application";
		};
		365882951BDC07D70022A9F4 /* InstagramTests */ = {
			isa = PBXNativeTarget;
			buildConfigurationList = 365882AD1BDC07D70022A9F4 /* Build configuration list for PBXNativeTarget "InstagramTests" */;
			buildPhases = (
				365882921BDC07D70022A9F4 /* Sources */,
				365882931BDC07D70022A9F4 /* Frameworks */,
				365882941BDC07D70022A9F4 /* Resources */,
			);
			buildRules = (
			);
			dependencies = (
				365882981BDC07D70022A9F4 /* PBXTargetDependency */,
			);
			name = InstagramTests;
			productName = InstagramTests;
			productReference = 365882961BDC07D70022A9F4 /* InstagramTests.xctest */;
			productType = "com.apple.product-type.bundle.unit-test";
		};
		365882A01BDC07D70022A9F4 /* InstagramUITests */ = {
			isa = PBXNativeTarget;
			buildConfigurationList = 365882B01BDC07D70022A9F4 /* Build configuration list for PBXNativeTarget "InstagramUITests" */;
			buildPhases = (
				3658829D1BDC07D70022A9F4 /* Sources */,
				3658829E1BDC07D70022A9F4 /* Frameworks */,
				3658829F1BDC07D70022A9F4 /* Resources */,
			);
			buildRules = (
			);
			dependencies = (
				365882A31BDC07D70022A9F4 /* PBXTargetDependency */,
			);
			name = InstagramUITests;
			productName = InstagramUITests;
			productReference = 365882A11BDC07D70022A9F4 /* InstagramUITests.xctest */;
			productType = "com.apple.product-type.bundle.ui-testing";
		};
/* End PBXNativeTarget section */

/* Begin PBXProject section */
		3658827A1BDC07D70022A9F4 /* Project object */ = {
			isa = PBXProject;
			attributes = {
				LastUpgradeCheck = 0700;
				ORGANIZATIONNAME = "Evan Amstutz";
				TargetAttributes = {
					365882811BDC07D70022A9F4 = {
						CreatedOnToolsVersion = 7.0.1;
						DevelopmentTeam = QCVMW6GH92;
					};
					365882951BDC07D70022A9F4 = {
						CreatedOnToolsVersion = 7.0.1;
						DevelopmentTeam = QCVMW6GH92;
						TestTargetID = 365882811BDC07D70022A9F4;
					};
					365882A01BDC07D70022A9F4 = {
						CreatedOnToolsVersion = 7.0.1;
						DevelopmentTeam = QCVMW6GH92;
						TestTargetID = 365882811BDC07D70022A9F4;
					};
				};
			};
			buildConfigurationList = 3658827D1BDC07D70022A9F4 /* Build configuration list for PBXProject "Instagram" */;
			compatibilityVersion = "Xcode 3.2";
			developmentRegion = English;
			hasScannedForEncodings = 0;
			knownRegions = (
				en,
				Base,
			);
			mainGroup = 365882791BDC07D70022A9F4;
			productRefGroup = 365882831BDC07D70022A9F4 /* Products */;
			projectDirPath = "";
			projectReferences = (
				{
					ProductGroup = 365882BA1BDC080A0022A9F4 /* Products */;
					ProjectRef = 365882B91BDC080A0022A9F4 /* ParseStarterProject-Swift.xcodeproj */;
				},
			);
			projectRoot = "";
			targets = (
				365882811BDC07D70022A9F4 /* Instagram */,
				365882951BDC07D70022A9F4 /* InstagramTests */,
				365882A01BDC07D70022A9F4 /* InstagramUITests */,
			);
		};
/* End PBXProject section */

/* Begin PBXReferenceProxy section */
		365882BE1BDC080A0022A9F4 /* Instaclone.app */ = {
			isa = PBXReferenceProxy;
			fileType = wrapper.application;
			path = Instaclone.app;
			remoteRef = 365882BD1BDC080A0022A9F4 /* PBXContainerItemProxy */;
			sourceTree = BUILT_PRODUCTS_DIR;
		};
/* End PBXReferenceProxy section */

/* Begin PBXResourcesBuildPhase section */
		365882801BDC07D70022A9F4 /* Resources */ = {
			isa = PBXResourcesBuildPhase;
			buildActionMask = 2147483647;
			files = (
				365882901BDC07D70022A9F4 /* LaunchScreen.storyboard in Resources */,
				3658828D1BDC07D70022A9F4 /* Assets.xcassets in Resources */,
				3658828B1BDC07D70022A9F4 /* Main.storyboard in Resources */,
			);
			runOnlyForDeploymentPostprocessing = 0;
		};
		365882941BDC07D70022A9F4 /* Resources */ = {
			isa = PBXResourcesBuildPhase;
			buildActionMask = 2147483647;
			files = (
			);
			runOnlyForDeploymentPostprocessing = 0;
		};
		3658829F1BDC07D70022A9F4 /* Resources */ = {
			isa = PBXResourcesBuildPhase;
			buildActionMask = 2147483647;
			files = (
			);
			runOnlyForDeploymentPostprocessing = 0;
		};
/* End PBXResourcesBuildPhase section */

/* Begin PBXSourcesBuildPhase section */
		3658827E1BDC07D70022A9F4 /* Sources */ = {
			isa = PBXSourcesBuildPhase;
			buildActionMask = 2147483647;
			files = (
				365882881BDC07D70022A9F4 /* ViewController.swift in Sources */,
				365882861BDC07D70022A9F4 /* AppDelegate.swift in Sources */,
			);
			runOnlyForDeploymentPostprocessing = 0;
		};
		365882921BDC07D70022A9F4 /* Sources */ = {
			isa = PBXSourcesBuildPhase;
			buildActionMask = 2147483647;
			files = (
				3658829B1BDC07D70022A9F4 /* InstagramTests.swift in Sources */,
			);
			runOnlyForDeploymentPostprocessing = 0;
		};
		3658829D1BDC07D70022A9F4 /* Sources */ = {
			isa = PBXSourcesBuildPhase;
			buildActionMask = 2147483647;
			files = (
				365882A61BDC07D70022A9F4 /* InstagramUITests.swift in Sources */,
			);
			runOnlyForDeploymentPostprocessing = 0;
		};
/* End PBXSourcesBuildPhase section */

/* Begin PBXTargetDependency section */
		365882981BDC07D70022A9F4 /* PBXTargetDependency */ = {
			isa = PBXTargetDependency;
			target = 365882811BDC07D70022A9F4 /* Instagram */;
			targetProxy = 365882971BDC07D70022A9F4 /* PBXContainerItemProxy */;
		};
		365882A31BDC07D70022A9F4 /* PBXTargetDependency */ = {
			isa = PBXTargetDependency;
			target = 365882811BDC07D70022A9F4 /* Instagram */;
			targetProxy = 365882A21BDC07D70022A9F4 /* PBXContainerItemProxy */;
		};
/* End PBXTargetDependency section */

/* Begin PBXVariantGroup section */
		365882891BDC07D70022A9F4 /* Main.storyboard */ = {
			isa = PBXVariantGroup;
			children = (
				3658828A1BDC07D70022A9F4 /* Base */,
			);
			name = Main.storyboard;
			sourceTree = "<group>";
		};
		3658828E1BDC07D70022A9F4 /* LaunchScreen.storyboard */ = {
			isa = PBXVariantGroup;
			children = (
				3658828F1BDC07D70022A9F4 /* Base */,
			);
			name = LaunchScreen.storyboard;
			sourceTree = "<group>";
		};
/* End PBXVariantGroup section */

/* Begin XCBuildConfiguration section */
		365882A81BDC07D70022A9F4 /* Debug */ = {
			isa = XCBuildConfiguration;
			buildSettings = {
				ALWAYS_SEARCH_USER_PATHS = NO;
				CLANG_CXX_LANGUAGE_STANDARD = "gnu++0x";
				CLANG_CXX_LIBRARY = "libc++";
				CLANG_ENABLE_MODULES = YES;
				CLANG_ENABLE_OBJC_ARC = YES;
				CLANG_WARN_BOOL_CONVERSION = YES;
				CLANG_WARN_CONSTANT_CONVERSION = YES;
				CLANG_WARN_DIRECT_OBJC_ISA_USAGE = YES_ERROR;
				CLANG_WARN_EMPTY_BODY = YES;
				CLANG_WARN_ENUM_CONVERSION = YES;
				CLANG_WARN_INT_CONVERSION = YES;
				CLANG_WARN_OBJC_ROOT_CLASS = YES_ERROR;
				CLANG_WARN_UNREACHABLE_CODE = YES;
				CLANG_WARN__DUPLICATE_METHOD_MATCH = YES;
				"CODE_SIGN_IDENTITY[sdk=iphoneos*]" = "iPhone Developer";
				COPY_PHASE_STRIP = NO;
				DEBUG_INFORMATION_FORMAT = dwarf;
				ENABLE_STRICT_OBJC_MSGSEND = YES;
				ENABLE_TESTABILITY = YES;
				GCC_C_LANGUAGE_STANDARD = gnu99;
				GCC_DYNAMIC_NO_PIC = NO;
				GCC_NO_COMMON_BLOCKS = YES;
				GCC_OPTIMIZATION_LEVEL = 0;
				GCC_PREPROCESSOR_DEFINITIONS = (
					"DEBUG=1",
					"$(inherited)",
				);
				GCC_WARN_64_TO_32_BIT_CONVERSION = YES;
				GCC_WARN_ABOUT_RETURN_TYPE = YES_ERROR;
				GCC_WARN_UNDECLARED_SELECTOR = YES;
				GCC_WARN_UNINITIALIZED_AUTOS = YES_AGGRESSIVE;
				GCC_WARN_UNUSED_FUNCTION = YES;
				GCC_WARN_UNUSED_VARIABLE = YES;
				IPHONEOS_DEPLOYMENT_TARGET = 9.0;
				MTL_ENABLE_DEBUG_INFO = YES;
				ONLY_ACTIVE_ARCH = YES;
				SDKROOT = iphoneos;
				SWIFT_OPTIMIZATION_LEVEL = "-Onone";
			};
			name = Debug;
		};
		365882A91BDC07D70022A9F4 /* Release */ = {
			isa = XCBuildConfiguration;
			buildSettings = {
				ALWAYS_SEARCH_USER_PATHS = NO;
				CLANG_CXX_LANGUAGE_STANDARD = "gnu++0x";
				CLANG_CXX_LIBRARY = "libc++";
				CLANG_ENABLE_MODULES = YES;
				CLANG_ENABLE_OBJC_ARC = YES;
				CLANG_WARN_BOOL_CONVERSION = YES;
				CLANG_WARN_CONSTANT_CONVERSION = YES;
				CLANG_WARN_DIRECT_OBJC_ISA_USAGE = YES_ERROR;
				CLANG_WARN_EMPTY_BODY = YES;
				CLANG_WARN_ENUM_CONVERSION = YES;
				CLANG_WARN_INT_CONVERSION = YES;
				CLANG_WARN_OBJC_ROOT_CLASS = YES_ERROR;
				CLANG_WARN_UNREACHABLE_CODE = YES;
				CLANG_WARN__DUPLICATE_METHOD_MATCH = YES;
				"CODE_SIGN_IDENTITY[sdk=iphoneos*]" = "iPhone Developer";
				COPY_PHASE_STRIP = NO;
				DEBUG_INFORMATION_FORMAT = "dwarf-with-dsym";
				ENABLE_NS_ASSERTIONS = NO;
				ENABLE_STRICT_OBJC_MSGSEND = YES;
				GCC_C_LANGUAGE_STANDARD = gnu99;
				GCC_NO_COMMON_BLOCKS = YES;
				GCC_WARN_64_TO_32_BIT_CONVERSION = YES;
				GCC_WARN_ABOUT_RETURN_TYPE = YES_ERROR;
				GCC_WARN_UNDECLARED_SELECTOR = YES;
				GCC_WARN_UNINITIALIZED_AUTOS = YES_AGGRESSIVE;
				GCC_WARN_UNUSED_FUNCTION = YES;
				GCC_WARN_UNUSED_VARIABLE = YES;
				IPHONEOS_DEPLOYMENT_TARGET = 9.0;
				MTL_ENABLE_DEBUG_INFO = NO;
				SDKROOT = iphoneos;
				VALIDATE_PRODUCT = YES;
			};
			name = Release;
		};
		365882AB1BDC07D70022A9F4 /* Debug */ = {
			isa = XCBuildConfiguration;
			buildSettings = {
				ASSETCATALOG_COMPILER_APPICON_NAME = AppIcon;
				INFOPLIST_FILE = Instagram/Info.plist;
				LD_RUNPATH_SEARCH_PATHS = "$(inherited) @executable_path/Frameworks";
				PRODUCT_BUNDLE_IDENTIFIER = iOSClass.Instagram;
				PRODUCT_NAME = "$(TARGET_NAME)";
			};
			name = Debug;
		};
		365882AC1BDC07D70022A9F4 /* Release */ = {
			isa = XCBuildConfiguration;
			buildSettings = {
				ASSETCATALOG_COMPILER_APPICON_NAME = AppIcon;
				INFOPLIST_FILE = Instagram/Info.plist;
				LD_RUNPATH_SEARCH_PATHS = "$(inherited) @executable_path/Frameworks";
				PRODUCT_BUNDLE_IDENTIFIER = iOSClass.Instagram;
				PRODUCT_NAME = "$(TARGET_NAME)";
			};
			name = Release;
		};
		365882AE1BDC07D70022A9F4 /* Debug */ = {
			isa = XCBuildConfiguration;
			buildSettings = {
				BUNDLE_LOADER = "$(TEST_HOST)";
				INFOPLIST_FILE = InstagramTests/Info.plist;
				LD_RUNPATH_SEARCH_PATHS = "$(inherited) @executable_path/Frameworks @loader_path/Frameworks";
				PRODUCT_BUNDLE_IDENTIFIER = iOSClass.InstagramTests;
				PRODUCT_NAME = "$(TARGET_NAME)";
				TEST_HOST = "$(BUILT_PRODUCTS_DIR)/Instagram.app/Instagram";
			};
			name = Debug;
		};
		365882AF1BDC07D70022A9F4 /* Release */ = {
			isa = XCBuildConfiguration;
			buildSettings = {
				BUNDLE_LOADER = "$(TEST_HOST)";
				INFOPLIST_FILE = InstagramTests/Info.plist;
				LD_RUNPATH_SEARCH_PATHS = "$(inherited) @executable_path/Frameworks @loader_path/Frameworks";
				PRODUCT_BUNDLE_IDENTIFIER = iOSClass.InstagramTests;
				PRODUCT_NAME = "$(TARGET_NAME)";
				TEST_HOST = "$(BUILT_PRODUCTS_DIR)/Instagram.app/Instagram";
			};
			name = Release;
		};
		365882B11BDC07D70022A9F4 /* Debug */ = {
			isa = XCBuildConfiguration;
			buildSettings = {
				INFOPLIST_FILE = InstagramUITests/Info.plist;
				LD_RUNPATH_SEARCH_PATHS = "$(inherited) @executable_path/Frameworks @loader_path/Frameworks";
				PRODUCT_BUNDLE_IDENTIFIER = iOSClass.InstagramUITests;
				PRODUCT_NAME = "$(TARGET_NAME)";
				TEST_TARGET_NAME = Instagram;
				USES_XCTRUNNER = YES;
			};
			name = Debug;
		};
		365882B21BDC07D70022A9F4 /* Release */ = {
			isa = XCBuildConfiguration;
			buildSettings = {
				INFOPLIST_FILE = InstagramUITests/Info.plist;
				LD_RUNPATH_SEARCH_PATHS = "$(inherited) @executable_path/Frameworks @loader_path/Frameworks";
				PRODUCT_BUNDLE_IDENTIFIER = iOSClass.InstagramUITests;
				PRODUCT_NAME = "$(TARGET_NAME)";
				TEST_TARGET_NAME = Instagram;
				USES_XCTRUNNER = YES;
			};
			name = Release;
		};
/* End XCBuildConfiguration section */

/* Begin XCConfigurationList section */
		3658827D1BDC07D70022A9F4 /* Build configuration list for PBXProject "Instagram" */ = {
			isa = XCConfigurationList;
			buildConfigurations = (
				365882A81BDC07D70022A9F4 /* Debug */,
				365882A91BDC07D70022A9F4 /* Release */,
			);
			defaultConfigurationIsVisible = 0;
			defaultConfigurationName = Release;
		};
		365882AA1BDC07D70022A9F4 /* Build configuration list for PBXNativeTarget "Instagram" */ = {
			isa = XCConfigurationList;
			buildConfigurations = (
				365882AB1BDC07D70022A9F4 /* Debug */,
				365882AC1BDC07D70022A9F4 /* Release */,
			);
			defaultConfigurationIsVisible = 0;
			defaultConfigurationName = Release;
		};
		365882AD1BDC07D70022A9F4 /* Build configuration list for PBXNativeTarget "InstagramTests" */ = {
			isa = XCConfigurationList;
			buildConfigurations = (
				365882AE1BDC07D70022A9F4 /* Debug */,
				365882AF1BDC07D70022A9F4 /* Release */,
			);
			defaultConfigurationIsVisible = 0;
			defaultConfigurationName = Release;
		};
		365882B01BDC07D70022A9F4 /* Build configuration list for PBXNativeTarget "InstagramUITests" */ = {
			isa = XCConfigurationList;
			buildConfigurations = (
				365882B11BDC07D70022A9F4 /* Debug */,
				365882B21BDC07D70022A9F4 /* Release */,
			);
			defaultConfigurationIsVisible = 0;
			defaultConfigurationName = Release;
		};
/* End XCConfigurationList section */
	};
	rootObject = 3658827A1BDC07D70022A9F4 /* Project object */;
}
